
Microsoft Visual Studio Solution File, Format Version 12.00
# Visual Studio Version 17
VisualStudioVersion = 17.3.32929.385
MinimumVisualStudioVersion = 10.0.40219.1
Project("{FAE04EC0-301F-11D3-BF4B-00C04F79EFBC}") = "Pizza Place", "Pizza Place.csproj", "{D0817B06-9851-4D52-8490-ED7AFCF61521}"
EndProject
Global
	GlobalSection(SolutionConfigurationPlatforms) = preSolution
		Debug|Any CPU = Debug|Any CPU
		Release|Any CPU = Release|Any CPU
	EndGlobalSection
	GlobalSection(ProjectConfigurationPlatforms) = postSolution
		{D0817B06-9851-4D52-8490-ED7AFCF61521}.Debug|Any CPU.ActiveCfg = Debug|Any CPU
		{D0817B06-9851-4D52-8490-ED7AFCF61521}.Debug|Any CPU.Build.0 = Debug|Any CPU
		{D0817B06-9851-4D52-8490-ED7AFCF61521}.Release|Any CPU.ActiveCfg = Release|Any CPU
		{D0817B06-9851-4D52-8490-ED7AFCF61521}.Release|Any CPU.Build.0 = Release|Any CPU
	EndGlobalSection
	GlobalSection(SolutionProperties) = preSolution
		HideSolutionNode = FALSE
	EndGlobalSection
	GlobalSection(ExtensibilityGlobals) = postSolution
		SolutionGuid = {9EEEACE7-2FAD-44E2-BBB9-6A1401E84113}
	EndGlobalSection
EndGlobal
